
Microsoft Visual Studio Solution File, Format Version 12.00
# Visual Studio Express 14 for Web
VisualStudioVersion = 14.0.24720.0
MinimumVisualStudioVersion = 10.0.40219.1
Project("{FAE04EC0-301F-11D3-BF4B-00C04F79EFBC}") = "WebForLink", "WebForLink.csproj", "{CCB283AE-7580-44B7-8891-E664B759CC7D}"
EndProject
Global
	GlobalSection(SolutionConfigurationPlatforms) = preSolution
		Debug|Any CPU = Debug|Any CPU
		Release|Any CPU = Release|Any CPU
	EndGlobalSection
	GlobalSection(ProjectConfigurationPlatforms) = postSolution
		{CCB283AE-7580-44B7-8891-E664B759CC7D}.Debug|Any CPU.ActiveCfg = Debug|Any CPU
		{CCB283AE-7580-44B7-8891-E664B759CC7D}.Debug|Any CPU.Build.0 = Debug|Any CPU
		{CCB283AE-7580-44B7-8891-E664B759CC7D}.Release|Any CPU.ActiveCfg = Release|Any CPU
		{CCB283AE-7580-44B7-8891-E664B759CC7D}.Release|Any CPU.Build.0 = Release|Any CPU
	EndGlobalSection
	GlobalSection(SolutionProperties) = preSolution
		HideSolutionNode = FALSE
	EndGlobalSection
EndGlobal
